
Microsoft Visual Studio Solution File, Format Version 12.00
Project("{FAE04EC0-301F-11D3-BF4B-00C04F79EFBC}") = "Lab0", "Lab0\Lab0.csproj", "{18A52B89-1215-497B-A995-8AB73DAD7796}"
EndProject
Project("{FAE04EC0-301F-11D3-BF4B-00C04F79EFBC}") = "Lab1", "Lab1\Lab1.csproj", "{FF1D86AD-3917-46E1-9A9D-515DA8DC2DB0}"
EndProject
Project("{FAE04EC0-301F-11D3-BF4B-00C04F79EFBC}") = "Lab3", "Lab3\Lab3.csproj", "{C03B8CA5-F76D-4315-8DED-20B358AF6E0A}"
EndProject
Project("{FAE04EC0-301F-11D3-BF4B-00C04F79EFBC}") = "MyExtensions", "MyExtensions\MyExtensions.csproj", "{54EE49DE-5561-4F7F-AAE5-FF740E45FCC2}"
EndProject
Project("{FAE04EC0-301F-11D3-BF4B-00C04F79EFBC}") = "MyExtensions.Tests", "MyExtensions.Tests\MyExtensions.Tests.csproj", "{857D16C1-DA86-4E2F-BE25-D962627FD682}"
EndProject
Project("{FAE04EC0-301F-11D3-BF4B-00C04F79EFBC}") = "Lab7", "Lab7\Lab7.csproj", "{D9C29FBD-1AE7-4AC8-BF6C-3B0D1FF2DB2E}"
EndProject
Project("{FAE04EC0-301F-11D3-BF4B-00C04F79EFBC}") = "Lab5", "Lab5\Lab5.csproj", "{3D5728B0-8521-41D1-827C-AC3D65ECF794}"
EndProject
Project("{FAE04EC0-301F-11D3-BF4B-00C04F79EFBC}") = "Lab5.Tests", "Lab5.Tests\Lab5.Tests.csproj", "{22C0DED1-6EC1-4DB7-B9D9-62DD96A18AC5}"
EndProject
Project("{FAE04EC0-301F-11D3-BF4B-00C04F79EFBC}") = "Lab5.Tests.Console", "Lab5.Tests.Console\Lab5.Tests.Console.csproj", "{CDEBEA68-9FF4-4288-A397-4D9F7668CDB2}"
EndProject
Project("{FAE04EC0-301F-11D3-BF4B-00C04F79EFBC}") = "MyUnit", "MyUnit\MyUnit.csproj", "{717F1606-FA6B-4125-BE6A-344827D1AFA1}"
EndProject
Global
	GlobalSection(SolutionConfigurationPlatforms) = preSolution
		Debug|Any CPU = Debug|Any CPU
		Release|Any CPU = Release|Any CPU
	EndGlobalSection
	GlobalSection(ProjectConfigurationPlatforms) = postSolution
		{E0E50C79-2E33-4CA0-BB04-2B5ACBF485CE}.Debug|Any CPU.ActiveCfg = Debug|Any CPU
		{E0E50C79-2E33-4CA0-BB04-2B5ACBF485CE}.Debug|Any CPU.Build.0 = Debug|Any CPU
		{E0E50C79-2E33-4CA0-BB04-2B5ACBF485CE}.Release|Any CPU.ActiveCfg = Release|Any CPU
		{E0E50C79-2E33-4CA0-BB04-2B5ACBF485CE}.Release|Any CPU.Build.0 = Release|Any CPU
		{18A52B89-1215-497B-A995-8AB73DAD7796}.Debug|Any CPU.ActiveCfg = Debug|Any CPU
		{18A52B89-1215-497B-A995-8AB73DAD7796}.Debug|Any CPU.Build.0 = Debug|Any CPU
		{18A52B89-1215-497B-A995-8AB73DAD7796}.Release|Any CPU.ActiveCfg = Release|Any CPU
		{18A52B89-1215-497B-A995-8AB73DAD7796}.Release|Any CPU.Build.0 = Release|Any CPU
		{FF1D86AD-3917-46E1-9A9D-515DA8DC2DB0}.Debug|Any CPU.ActiveCfg = Debug|Any CPU
		{FF1D86AD-3917-46E1-9A9D-515DA8DC2DB0}.Debug|Any CPU.Build.0 = Debug|Any CPU
		{FF1D86AD-3917-46E1-9A9D-515DA8DC2DB0}.Release|Any CPU.ActiveCfg = Release|Any CPU
		{FF1D86AD-3917-46E1-9A9D-515DA8DC2DB0}.Release|Any CPU.Build.0 = Release|Any CPU
		{C03B8CA5-F76D-4315-8DED-20B358AF6E0A}.Debug|Any CPU.ActiveCfg = Debug|Any CPU
		{C03B8CA5-F76D-4315-8DED-20B358AF6E0A}.Debug|Any CPU.Build.0 = Debug|Any CPU
		{C03B8CA5-F76D-4315-8DED-20B358AF6E0A}.Release|Any CPU.ActiveCfg = Release|Any CPU
		{C03B8CA5-F76D-4315-8DED-20B358AF6E0A}.Release|Any CPU.Build.0 = Release|Any CPU
		{54EE49DE-5561-4F7F-AAE5-FF740E45FCC2}.Debug|Any CPU.ActiveCfg = Debug|Any CPU
		{54EE49DE-5561-4F7F-AAE5-FF740E45FCC2}.Debug|Any CPU.Build.0 = Debug|Any CPU
		{54EE49DE-5561-4F7F-AAE5-FF740E45FCC2}.Release|Any CPU.ActiveCfg = Release|Any CPU
		{54EE49DE-5561-4F7F-AAE5-FF740E45FCC2}.Release|Any CPU.Build.0 = Release|Any CPU
		{857D16C1-DA86-4E2F-BE25-D962627FD682}.Debug|Any CPU.ActiveCfg = Debug|Any CPU
		{857D16C1-DA86-4E2F-BE25-D962627FD682}.Debug|Any CPU.Build.0 = Debug|Any CPU
		{857D16C1-DA86-4E2F-BE25-D962627FD682}.Release|Any CPU.ActiveCfg = Release|Any CPU
		{857D16C1-DA86-4E2F-BE25-D962627FD682}.Release|Any CPU.Build.0 = Release|Any CPU
		{D9C29FBD-1AE7-4AC8-BF6C-3B0D1FF2DB2E}.Debug|Any CPU.ActiveCfg = Debug|Any CPU
		{D9C29FBD-1AE7-4AC8-BF6C-3B0D1FF2DB2E}.Debug|Any CPU.Build.0 = Debug|Any CPU
		{D9C29FBD-1AE7-4AC8-BF6C-3B0D1FF2DB2E}.Release|Any CPU.ActiveCfg = Release|Any CPU
		{D9C29FBD-1AE7-4AC8-BF6C-3B0D1FF2DB2E}.Release|Any CPU.Build.0 = Release|Any CPU
		{3D5728B0-8521-41D1-827C-AC3D65ECF794}.Debug|Any CPU.ActiveCfg = Debug|Any CPU
		{3D5728B0-8521-41D1-827C-AC3D65ECF794}.Debug|Any CPU.Build.0 = Debug|Any CPU
		{3D5728B0-8521-41D1-827C-AC3D65ECF794}.Release|Any CPU.ActiveCfg = Release|Any CPU
		{3D5728B0-8521-41D1-827C-AC3D65ECF794}.Release|Any CPU.Build.0 = Release|Any CPU
		{22C0DED1-6EC1-4DB7-B9D9-62DD96A18AC5}.Debug|Any CPU.ActiveCfg = Debug|Any CPU
		{22C0DED1-6EC1-4DB7-B9D9-62DD96A18AC5}.Debug|Any CPU.Build.0 = Debug|Any CPU
		{22C0DED1-6EC1-4DB7-B9D9-62DD96A18AC5}.Release|Any CPU.ActiveCfg = Release|Any CPU
		{22C0DED1-6EC1-4DB7-B9D9-62DD96A18AC5}.Release|Any CPU.Build.0 = Release|Any CPU
		{CDEBEA68-9FF4-4288-A397-4D9F7668CDB2}.Debug|Any CPU.ActiveCfg = Debug|Any CPU
		{CDEBEA68-9FF4-4288-A397-4D9F7668CDB2}.Debug|Any CPU.Build.0 = Debug|Any CPU
		{CDEBEA68-9FF4-4288-A397-4D9F7668CDB2}.Release|Any CPU.ActiveCfg = Release|Any CPU
		{CDEBEA68-9FF4-4288-A397-4D9F7668CDB2}.Release|Any CPU.Build.0 = Release|Any CPU
		{717F1606-FA6B-4125-BE6A-344827D1AFA1}.Debug|Any CPU.ActiveCfg = Debug|Any CPU
		{717F1606-FA6B-4125-BE6A-344827D1AFA1}.Debug|Any CPU.Build.0 = Debug|Any CPU
		{717F1606-FA6B-4125-BE6A-344827D1AFA1}.Release|Any CPU.ActiveCfg = Release|Any CPU
		{717F1606-FA6B-4125-BE6A-344827D1AFA1}.Release|Any CPU.Build.0 = Release|Any CPU
	EndGlobalSection
EndGlobal
